
Microsoft Visual Studio Solution File, Format Version 12.00
# Visual Studio Version 17
VisualStudioVersion = 17.7.34031.279
MinimumVisualStudioVersion = 10.0.40219.1
Project("{FAE04EC0-301F-11D3-BF4B-00C04F79EFBC}") = "master-form", "master-form\master-form.csproj", "{9EA23AE2-5433-406F-AFB9-2B8B92A45C7B}"
EndProject
Global
	GlobalSection(SolutionConfigurationPlatforms) = preSolution
		Debug|Any CPU = Debug|Any CPU
		Release|Any CPU = Release|Any CPU
	EndGlobalSection
	GlobalSection(ProjectConfigurationPlatforms) = postSolution
		{9EA23AE2-5433-406F-AFB9-2B8B92A45C7B}.Debug|Any CPU.ActiveCfg = Debug|Any CPU
		{9EA23AE2-5433-406F-AFB9-2B8B92A45C7B}.Debug|Any CPU.Build.0 = Debug|Any CPU
		{9EA23AE2-5433-406F-AFB9-2B8B92A45C7B}.Release|Any CPU.ActiveCfg = Release|Any CPU
		{9EA23AE2-5433-406F-AFB9-2B8B92A45C7B}.Release|Any CPU.Build.0 = Release|Any CPU
	EndGlobalSection
	GlobalSection(SolutionProperties) = preSolution
		HideSolutionNode = FALSE
	EndGlobalSection
	GlobalSection(ExtensibilityGlobals) = postSolution
		SolutionGuid = {0123CBD0-4353-4DDD-BCC4-AB697DA3D58B}
	EndGlobalSection
EndGlobal
